{
    "_readme": [
        "This file locks the dependencies of your project to a known state",
        "Read more about it at http://getcomposer.org/doc/01-basic-usage.md#composer-lock-the-lock-file",
        "This file is @generated automatically"
    ],
    "hash": "8a1ec3456d758f91c4f62d0a5931d8e9",
    "packages": [
        {
            "name": "phalcon/devtools",
            "version": "dev-master",
            "source": {
                "type": "git",
                "url": "https://github.com/phalcon/phalcon-devtools.git",
                "reference": "221045950e70ed9674e3f6de9e10c630c858a693"
            },
            "dist": {
                "type": "zip",
                "url": "https://api.github.com/repos/phalcon/phalcon-devtools/zipball/221045950e70ed9674e3f6de9e10c630c858a693",
                "reference": "221045950e70ed9674e3f6de9e10c630c858a693",
                "shasum": ""
            },
            "require": {
                "php": ">=5.3.6"
            },
            "bin": [
                "phalcon.php"
            ],
            "type": "library",
            "autoload": {
                "psr-0": {
                    "Phalcon": "scripts/"
                }
            },
            "notification-url": "https://packagist.org/downloads/",
            "license": [
                "BSD-3"
            ],
            "authors": [
                {
                    "name": "Phalcon Team",
                    "email": "team@phalconphp.com"
                }
            ],
            "description": "This tools provide you useful scripts to generate code helping to develop faster and easy applications that use with Phalcon framework.",
            "homepage": "http://phalconphp.com",
            "keywords": [
                "framework",
                "phalcon"
            ],
            "time": "2014-07-10 21:46:57"
        }
    ],
    "packages-dev": [],
    "aliases": [],
    "minimum-stability": "stable",
    "stability-flags": {
        "phalcon/devtools": 20
    },
    "platform": {
        "ext-phalcon": "*",
        "ext-mongo": "*"
    },
    "platform-dev": []
}
